
Microsoft Visual Studio Solution File, Format Version 12.00
# Visual Studio Version 17
VisualStudioVersion = 17.8.34525.116
MinimumVisualStudioVersion = 10.0.40219.1
Project("{FAE04EC0-301F-11D3-BF4B-00C04F79EFBC}") = "QrMenu", "QrMenu.csproj", "{93033A84-E317-4E50-96ED-55D2E05AA049}"
EndProject
Global
	GlobalSection(SolutionConfigurationPlatforms) = preSolution
		Debug|Any CPU = Debug|Any CPU
		Release|Any CPU = Release|Any CPU
	EndGlobalSection
	GlobalSection(ProjectConfigurationPlatforms) = postSolution
		{93033A84-E317-4E50-96ED-55D2E05AA049}.Debug|Any CPU.ActiveCfg = Debug|Any CPU
		{93033A84-E317-4E50-96ED-55D2E05AA049}.Debug|Any CPU.Build.0 = Debug|Any CPU
		{93033A84-E317-4E50-96ED-55D2E05AA049}.Release|Any CPU.ActiveCfg = Release|Any CPU
		{93033A84-E317-4E50-96ED-55D2E05AA049}.Release|Any CPU.Build.0 = Release|Any CPU
	EndGlobalSection
	GlobalSection(SolutionProperties) = preSolution
		HideSolutionNode = FALSE
	EndGlobalSection
	GlobalSection(ExtensibilityGlobals) = postSolution
		SolutionGuid = {43079333-4958-48FD-9780-83B6A89BB202}
	EndGlobalSection
EndGlobal
